<?xml version="1.0" encoding="utf-8"?>
<Project ToolsVersion="4.0" xmlns="http://schemas.microsoft.com/developer/msbuild/2003">
  <ItemGroup>
    <ClCompile Include="client.cpp" />
    <ClCompile Include="default_functions.cpp" />
    <ClCompile Include="json_wrapper.cpp" />
    <ClCompile Include="sd_error.cpp" />
    <ClCompile Include="attachment.cpp">
      <Filter>discord objects</Filter>
    </ClCompile>
    <ClCompile Include="channel.cpp">
      <Filter>discord objects</Filter>
    </ClCompile>
    <ClCompile Include="embed.cpp">
      <Filter>discord objects</Filter>
    </ClCompile>
    <ClCompile Include="invite.cpp">
      <Filter>discord objects</Filter>
    </ClCompile>
    <ClCompile Include="message.cpp">
      <Filter>discord objects</Filter>
    </ClCompile>
    <ClCompile Include="permissions.cpp">
      <Filter>discord objects</Filter>
    </ClCompile>
    <ClCompile Include="server.cpp">
      <Filter>discord objects</Filter>
    </ClCompile>
    <ClCompile Include="user.cpp">
      <Filter>discord objects</Filter>
    </ClCompile>
    <ClCompile Include="webhook.cpp">
      <Filter>discord objects</Filter>
    </ClCompile>
    <ClCompile Include="endpoints.cpp" />
    <ClCompile Include="discord_object_interface.cpp">
      <Filter>discord objects</Filter>
    </ClCompile>
    <ClCompile Include="websocketpp_websocket.cpp">
      <Filter>websocket\websocketpp</Filter>
    </ClCompile>
    <ClCompile Include="uwebsockets_websocket.cpp">
      <Filter>websocket\uwebsocket</Filter>
    </ClCompile>
    <ClCompile Include="cpr_session.cpp">
      <Filter>http\cpr</Filter>
    </ClCompile>
    <ClCompile Include="voice.cpp">
      <Filter>discord objects</Filter>
    </ClCompile>
    <ClCompile Include="gateway.cpp">
      <Filter>discord objects</Filter>
    </ClCompile>
    <ClCompile Include="http.cpp">
      <Filter>http</Filter>
    </ClCompile>
    <ClCompile Include="asignments_client.cpp" />
    <ClCompile Include="asio_udp.cpp">
      <Filter>udp\asio</Filter>
    </ClCompile>
    <ClCompile Include="voice_connection.cpp">
      <Filter>voice</Filter>
    </ClCompile>
  </ItemGroup>
  <ItemGroup>
    <ClInclude Include="..\include\sleepy_discord\client.h" />
    <ClInclude Include="..\include\sleepy_discord\standard_config.h" />
    <ClInclude Include="..\include\sleepy_discord\json.h" />
    <ClInclude Include="..\include\sleepy_discord\standard_config_header.h" />
    <ClInclude Include="..\include\sleepy_discord\webhook.h">
      <Filter>discord objects</Filter>
    </ClInclude>
    <ClInclude Include="..\include\sleepy_discord\voice.h">
      <Filter>discord objects</Filter>
    </ClInclude>
    <ClInclude Include="..\include\sleepy_discord\user.h">
      <Filter>discord objects</Filter>
    </ClInclude>
    <ClInclude Include="..\include\sleepy_discord\snowflake.h">
      <Filter>discord objects</Filter>
    </ClInclude>
    <ClInclude Include="..\include\sleepy_discord\server.h">
      <Filter>discord objects</Filter>
    </ClInclude>
    <ClInclude Include="..\include\sleepy_discord\permissions.h">
      <Filter>discord objects</Filter>
    </ClInclude>
    <ClInclude Include="..\include\sleepy_discord\message.h">
      <Filter>discord objects</Filter>
    </ClInclude>
    <ClInclude Include="..\include\sleepy_discord\invite.h">
      <Filter>discord objects</Filter>
    </ClInclude>
    <ClInclude Include="..\include\sleepy_discord\embed.h">
      <Filter>discord objects</Filter>
    </ClInclude>
    <ClInclude Include="..\include\sleepy_discord\discord_object_interface.h">
      <Filter>discord objects</Filter>
    </ClInclude>
    <ClInclude Include="..\include\sleepy_discord\channel.h">
      <Filter>discord objects</Filter>
    </ClInclude>
    <ClInclude Include="..\include\sleepy_discord\attachment.h">
      <Filter>discord objects</Filter>
    </ClInclude>
    <ClInclude Include="..\include\sleepy_discord\websocketpp_websocket.h">
      <Filter>websocket\websocketpp</Filter>
    </ClInclude>
    <ClInclude Include="..\include\sleepy_discord\uwebsockets_websocket.h">
      <Filter>websocket\uwebsocket</Filter>
    </ClInclude>
    <ClInclude Include="..\include\sleepy_discord\IncludeNonexistent\uWS\uWS.h">
      <Filter>websocket\uwebsocket</Filter>
    </ClInclude>
    <ClInclude Include="..\include\sleepy_discord\http.h">
      <Filter>http</Filter>
    </ClInclude>
    <ClInclude Include="..\include\sleepy_discord\IncludeNonexistent\cpr\cpr.h">
      <Filter>http\cpr</Filter>
    </ClInclude>
    <ClInclude Include="..\include\sleepy_discord\cpr_session.h">
      <Filter>http\cpr</Filter>
    </ClInclude>
    <ClInclude Include="..\include\sleepy_discord\IncludeNonexistent\websocketpp\config\asio_client.hpp">
      <Filter>websocket\websocketpp</Filter>
    </ClInclude>
    <ClInclude Include="..\include\sleepy_discord\custom_session.h">
      <Filter>http</Filter>
    </ClInclude>
    <ClInclude Include="..\include\sleepy_discord\error.h" />
    <ClInclude Include="..\include\sleepy_discord\gateway.h">
      <Filter>discord objects</Filter>
    </ClInclude>
    <ClInclude Include="..\include\sleepy_discord\session.h">
      <Filter>http</Filter>
    </ClInclude>
    <ClInclude Include="..\include\sleepy_discord\common_return_types.h" />
    <ClInclude Include="..\include\sleepy_discord\websocket.h">
      <Filter>websocket</Filter>
    </ClInclude>
    <ClInclude Include="..\include\sleepy_discord\udp_client.h">
      <Filter>udp</Filter>
    </ClInclude>
    <ClInclude Include="..\include\sleepy_discord\udp.h">
      <Filter>udp</Filter>
    </ClInclude>
    <ClInclude Include="..\include\sleepy_discord\custom_udp_client.h">
      <Filter>udp</Filter>
    </ClInclude>
    <ClInclude Include="..\include\sleepy_discord\asio_udp.h">
      <Filter>udp\asio</Filter>
    </ClInclude>
    <ClInclude Include="..\include\sleepy_discord\IncludeNonexistent\asio.hpp">
      <Filter>udp\asio</Filter>
    </ClInclude>
    <ClInclude Include="..\include\sleepy_discord\asio_include.h">
      <Filter>udp\asio</Filter>
    </ClInclude>
    <ClInclude Include="..\include\sleepy_discord\IncludeNonexistent\boost\asio.hpp">
      <Filter>udp\asio</Filter>
    </ClInclude>
    <ClInclude Include="..\include\sleepy_discord\IncludeNonexistent\sodium.h" />
    <ClInclude Include="..\include\sleepy_discord\websocket_connection.h">
      <Filter>websocket</Filter>
    </ClInclude>
    <ClInclude Include="..\include\sleepy_discord\websocketpp_connection.h">
      <Filter>websocket\websocketpp</Filter>
    </ClInclude>
    <ClInclude Include="..\include\sleepy_discord\websocketpp_common.h">
      <Filter>websocket\websocketpp</Filter>
    </ClInclude>
    <ClInclude Include="..\include\sleepy_discord\uwebsockets_connection.h">
      <Filter>websocket\uwebsocket</Filter>
    </ClInclude>
    <ClInclude Include="..\include\sleepy_discord\message_receiver.h">
      <Filter>websocket</Filter>
    </ClInclude>
    <ClInclude Include="..\include\sleepy_discord\timer.h" />
    <ClInclude Include="..\include\sleepy_discord\custom_connection.h">
      <Filter>websocket</Filter>
    </ClInclude>
    <ClInclude Include="..\include\sleepy_discord\json_wrapper.h" />
    <ClInclude Include="..\include\sleepy_discord\rest.h" />
    <ClInclude Include="..\include\sleepy_discord\cache.h" />
    <ClInclude Include="..\include\sleepy_discord\voice_connection.h">
      <Filter>voice</Filter>
    </ClInclude>
    <ClInclude Include="..\include\sleepy_discord\IncludeNonexistent\opus.h">
      <Filter>voice</Filter>
    </ClInclude>
    <ClInclude Include="..\include\sleepy_discord\asio_schedule.h">
      <Filter>schedule\asio</Filter>
    </ClInclude>
  </ItemGroup>
  <ItemGroup>
    <None Include="..\include\sleepy_discord\sleepy_discord.h" />
    <None Include="..\buildtools\Makefile.3ds">
      <Filter>buildtools</Filter>
    </None>
    <None Include="..\buildtools\Makefile">
      <Filter>buildtools</Filter>
    </None>
    <None Include="..\buildtools\Makefile.linux">
      <Filter>buildtools</Filter>
    </None>
  </ItemGroup>
  <ItemGroup>
    <Filter Include="websocket">
      <UniqueIdentifier>{72be85c9-800f-43d2-9fe1-b08ee0bffcae}</UniqueIdentifier>
    </Filter>
    <Filter Include="discord objects">
      <UniqueIdentifier>{f88c318c-4324-4221-8af2-3a2131793f6d}</UniqueIdentifier>
    </Filter>
    <Filter Include="http">
      <UniqueIdentifier>{a4b7f2aa-2364-40b3-8110-fcb8574b778f}</UniqueIdentifier>
    </Filter>
    <Filter Include="buildtools">
      <UniqueIdentifier>{da5b2a4b-d083-426a-b0ed-606f57667cbe}</UniqueIdentifier>
    </Filter>
    <Filter Include="websocket\uwebsocket">
      <UniqueIdentifier>{7885f715-bd01-495f-aad3-0479b702cb8f}</UniqueIdentifier>
    </Filter>
    <Filter Include="websocket\websocketpp">
      <UniqueIdentifier>{1825b046-cb29-4d67-b7ae-07f1648017f4}</UniqueIdentifier>
    </Filter>
    <Filter Include="http\cpr">
      <UniqueIdentifier>{ebefac73-a71e-4c11-ad6a-e5174432f14e}</UniqueIdentifier>
    </Filter>
    <Filter Include="udp">
      <UniqueIdentifier>{3498c3ab-fc17-43ab-a500-e6878ae8bdf6}</UniqueIdentifier>
    </Filter>
    <Filter Include="udp\asio">
      <UniqueIdentifier>{84414c41-10ce-47bf-8339-93909cc116b0}</UniqueIdentifier>
    </Filter>
    <Filter Include="voice">
      <UniqueIdentifier>{e0b29698-13dd-4aa4-9c37-702b3e7bca09}</UniqueIdentifier>
    </Filter>
    <Filter Include="schedule">
      <UniqueIdentifier>{5c275617-7d48-4167-9cbf-41e214e3bc11}</UniqueIdentifier>
    </Filter>
    <Filter Include="schedule\asio">
      <UniqueIdentifier>{61174dbb-8bf9-4121-9974-00b515893252}</UniqueIdentifier>
    </Filter>
  </ItemGroup>
</Project>